
Microsoft Visual Studio Solution File, Format Version 12.00
# Visual Studio 15
VisualStudioVersion = 15.0.27703.2035
MinimumVisualStudioVersion = 10.0.40219.1
Project("{FAE04EC0-301F-11D3-BF4B-00C04F79EFBC}") = "RiceConvert", "RiceConvert\RiceConvert.csproj", "{C76337F4-E4BB-4883-90A4-25A07870678D}"
EndProject
Project("{FAE04EC0-301F-11D3-BF4B-00C04F79EFBC}") = "RicePack", "RicePack\RicePack.csproj", "{57A6F275-E6CD-4F38-95F8-77A445160709}"
EndProject
Global
	GlobalSection(SolutionConfigurationPlatforms) = preSolution
		Debug|Any CPU = Debug|Any CPU
		Release|Any CPU = Release|Any CPU
	EndGlobalSection
	GlobalSection(ProjectConfigurationPlatforms) = postSolution
		{C76337F4-E4BB-4883-90A4-25A07870678D}.Debug|Any CPU.ActiveCfg = Debug|Any CPU
		{C76337F4-E4BB-4883-90A4-25A07870678D}.Debug|Any CPU.Build.0 = Debug|Any CPU
		{C76337F4-E4BB-4883-90A4-25A07870678D}.Release|Any CPU.ActiveCfg = Release|Any CPU
		{C76337F4-E4BB-4883-90A4-25A07870678D}.Release|Any CPU.Build.0 = Release|Any CPU
		{57A6F275-E6CD-4F38-95F8-77A445160709}.Debug|Any CPU.ActiveCfg = Debug|Any CPU
		{57A6F275-E6CD-4F38-95F8-77A445160709}.Debug|Any CPU.Build.0 = Debug|Any CPU
		{57A6F275-E6CD-4F38-95F8-77A445160709}.Release|Any CPU.ActiveCfg = Release|Any CPU
		{57A6F275-E6CD-4F38-95F8-77A445160709}.Release|Any CPU.Build.0 = Release|Any CPU
	EndGlobalSection
	GlobalSection(SolutionProperties) = preSolution
		HideSolutionNode = FALSE
	EndGlobalSection
	GlobalSection(ExtensibilityGlobals) = postSolution
		SolutionGuid = {14A7D164-C207-4819-9087-3255DF476D6E}
	EndGlobalSection
EndGlobal
